
Microsoft Visual Studio Solution File, Format Version 12.00
# Visual Studio Version 17
VisualStudioVersion = 17.0.31903.59
MinimumVisualStudioVersion = 10.0.40219.1
Project("{2150E333-8FDC-42A3-9474-1A3956D46DE8}") = "Core", "Core", "{D01FE20A-372D-459A-BA70-A700BEE22568}"
EndProject
Project("{2150E333-8FDC-42A3-9474-1A3956D46DE8}") = "Tests", "Tests", "{9532813E-86F3-43BA-8CBD-87CFDBE1201B}"
EndProject
Project("{2150E333-8FDC-42A3-9474-1A3956D46DE8}") = "Hosts", "Hosts", "{772D520B-C312-40A9-93CA-538F15B78DE8}"
EndProject
Project("{2150E333-8FDC-42A3-9474-1A3956D46DE8}") = "Services", "Services", "{7C38FDE0-8177-4082-8065-EE79C5340689}"
EndProject
Project("{2150E333-8FDC-42A3-9474-1A3956D46DE8}") = "Context", "Context", "{0E54465A-4B6B-4E1E-890F-AC2B02169826}"
EndProject
Project("{9A19103F-16F7-4668-BE54-9A1E7A4F7556}") = "Test.Core", "Core\Test.Core\Test.Core.csproj", "{F80CE931-B528-46A7-8B50-096426DE0570}"
EndProject
Project("{9A19103F-16F7-4668-BE54-9A1E7A4F7556}") = "Test.Core.Interfaces", "Core\Test.Core.Interfaces\Test.Core.Interfaces.csproj", "{6D4739A4-6A5B-4B1F-B584-864CB6E57D08}"
EndProject
Project("{9A19103F-16F7-4668-BE54-9A1E7A4F7556}") = "Test.Core.Models", "Core\Test.Core.Models\Test.Core.Models.csproj", "{0EAEE9FC-5213-44E0-8344-5D5B91750D88}"
EndProject
Project("{9A19103F-16F7-4668-BE54-9A1E7A4F7556}") = "Test.Unit.Tests", "Core\Tests\Test.Unit.Tests\Test.Unit.Tests.csproj", "{F718002E-F4BF-4EBD-B3A5-DB00B46CD409}"
EndProject
Project("{9A19103F-16F7-4668-BE54-9A1E7A4F7556}") = "Test.Context", "Context\Test.Context\Test.Context.csproj", "{D7E70FF7-6338-4CAB-83CA-06BDBF3D82DC}"
EndProject
Project("{9A19103F-16F7-4668-BE54-9A1E7A4F7556}") = "Test.BusinessLogic", "Services\Test.BusinessLogic\Test.BusinessLogic.csproj", "{576452AB-4F81-4F09-AED0-B5586C3154D8}"
EndProject
Project("{2150E333-8FDC-42A3-9474-1A3956D46DE8}") = "Tests", "Tests", "{42425E68-ABAD-48B2-B018-724C3E09784B}"
EndProject
Project("{9A19103F-16F7-4668-BE54-9A1E7A4F7556}") = "Test.BusinessLogic.Interfaces", "Services\Test.BusinessLogic.Interfaces\Test.BusinessLogic.Interfaces.csproj", "{EA964B95-B5DC-4ED9-BE37-B0A5E344496C}"
EndProject
Project("{9A19103F-16F7-4668-BE54-9A1E7A4F7556}") = "Test.BusinessLogic.Models", "Services\Test.BusinessLogic.Models\Test.BusinessLogic.Models.csproj", "{7525B550-8AB9-434C-95DA-C708AF03422A}"
EndProject
Project("{9A19103F-16F7-4668-BE54-9A1E7A4F7556}") = "Test.BusinessLogic.Unit.Tests", "Services\Tests\Test.BusinessLogic.Unit.Tests\Test.BusinessLogic.Unit.Tests.csproj", "{8FC17D70-9B31-474B-8273-E9C8ECFC23C9}"
EndProject
Project("{2150E333-8FDC-42A3-9474-1A3956D46DE8}") = "Solution Items", "Solution Items", "{486C8A7A-5524-494F-B760-10E93F8FD638}"
	ProjectSection(SolutionItems) = preProject
		.editorconfig = .editorconfig
	EndProjectSection
EndProject
Project("{9A19103F-16F7-4668-BE54-9A1E7A4F7556}") = "Test.WebApi", "Hosts\Test.WebApi\Test.WebApi.csproj", "{4EC13574-98D7-4027-A5DF-0CBC2DA04EC6}"
EndProject
Project("{9A19103F-16F7-4668-BE54-9A1E7A4F7556}") = "Test.Core.Testing", "Core\Test.Core.Testing\Test.Core.Testing.csproj", "{42125CBF-F055-49B6-A407-AD7A859AFE65}"
EndProject
Project("{2150E333-8FDC-42A3-9474-1A3956D46DE8}") = "Tests", "Tests", "{4F0D6C99-26AE-4A90-A896-96C3EDD4EC43}"
EndProject
Project("{9A19103F-16F7-4668-BE54-9A1E7A4F7556}") = "Test.Context.Unit.Tests", "Context\Tests\Test.Context.Unit.Tests\Test.Context.Unit.Tests.csproj", "{0A653A6F-6D5A-4E21-822D-83C9A802ACFF}"
EndProject
Global
	GlobalSection(SolutionConfigurationPlatforms) = preSolution
		Debug|Any CPU = Debug|Any CPU
		Release|Any CPU = Release|Any CPU
	EndGlobalSection
	GlobalSection(ProjectConfigurationPlatforms) = postSolution
		{F80CE931-B528-46A7-8B50-096426DE0570}.Debug|Any CPU.ActiveCfg = Debug|Any CPU
		{F80CE931-B528-46A7-8B50-096426DE0570}.Debug|Any CPU.Build.0 = Debug|Any CPU
		{F80CE931-B528-46A7-8B50-096426DE0570}.Release|Any CPU.ActiveCfg = Release|Any CPU
		{F80CE931-B528-46A7-8B50-096426DE0570}.Release|Any CPU.Build.0 = Release|Any CPU
		{6D4739A4-6A5B-4B1F-B584-864CB6E57D08}.Debug|Any CPU.ActiveCfg = Debug|Any CPU
		{6D4739A4-6A5B-4B1F-B584-864CB6E57D08}.Debug|Any CPU.Build.0 = Debug|Any CPU
		{6D4739A4-6A5B-4B1F-B584-864CB6E57D08}.Release|Any CPU.ActiveCfg = Release|Any CPU
		{6D4739A4-6A5B-4B1F-B584-864CB6E57D08}.Release|Any CPU.Build.0 = Release|Any CPU
		{0EAEE9FC-5213-44E0-8344-5D5B91750D88}.Debug|Any CPU.ActiveCfg = Debug|Any CPU
		{0EAEE9FC-5213-44E0-8344-5D5B91750D88}.Debug|Any CPU.Build.0 = Debug|Any CPU
		{0EAEE9FC-5213-44E0-8344-5D5B91750D88}.Release|Any CPU.ActiveCfg = Release|Any CPU
		{0EAEE9FC-5213-44E0-8344-5D5B91750D88}.Release|Any CPU.Build.0 = Release|Any CPU
		{F718002E-F4BF-4EBD-B3A5-DB00B46CD409}.Debug|Any CPU.ActiveCfg = Debug|Any CPU
		{F718002E-F4BF-4EBD-B3A5-DB00B46CD409}.Debug|Any CPU.Build.0 = Debug|Any CPU
		{F718002E-F4BF-4EBD-B3A5-DB00B46CD409}.Release|Any CPU.ActiveCfg = Release|Any CPU
		{F718002E-F4BF-4EBD-B3A5-DB00B46CD409}.Release|Any CPU.Build.0 = Release|Any CPU
		{D7E70FF7-6338-4CAB-83CA-06BDBF3D82DC}.Debug|Any CPU.ActiveCfg = Debug|Any CPU
		{D7E70FF7-6338-4CAB-83CA-06BDBF3D82DC}.Debug|Any CPU.Build.0 = Debug|Any CPU
		{D7E70FF7-6338-4CAB-83CA-06BDBF3D82DC}.Release|Any CPU.ActiveCfg = Release|Any CPU
		{D7E70FF7-6338-4CAB-83CA-06BDBF3D82DC}.Release|Any CPU.Build.0 = Release|Any CPU
		{576452AB-4F81-4F09-AED0-B5586C3154D8}.Debug|Any CPU.ActiveCfg = Debug|Any CPU
		{576452AB-4F81-4F09-AED0-B5586C3154D8}.Debug|Any CPU.Build.0 = Debug|Any CPU
		{576452AB-4F81-4F09-AED0-B5586C3154D8}.Release|Any CPU.ActiveCfg = Release|Any CPU
		{576452AB-4F81-4F09-AED0-B5586C3154D8}.Release|Any CPU.Build.0 = Release|Any CPU
		{EA964B95-B5DC-4ED9-BE37-B0A5E344496C}.Debug|Any CPU.ActiveCfg = Debug|Any CPU
		{EA964B95-B5DC-4ED9-BE37-B0A5E344496C}.Debug|Any CPU.Build.0 = Debug|Any CPU
		{EA964B95-B5DC-4ED9-BE37-B0A5E344496C}.Release|Any CPU.ActiveCfg = Release|Any CPU
		{EA964B95-B5DC-4ED9-BE37-B0A5E344496C}.Release|Any CPU.Build.0 = Release|Any CPU
		{7525B550-8AB9-434C-95DA-C708AF03422A}.Debug|Any CPU.ActiveCfg = Debug|Any CPU
		{7525B550-8AB9-434C-95DA-C708AF03422A}.Debug|Any CPU.Build.0 = Debug|Any CPU
		{7525B550-8AB9-434C-95DA-C708AF03422A}.Release|Any CPU.ActiveCfg = Release|Any CPU
		{7525B550-8AB9-434C-95DA-C708AF03422A}.Release|Any CPU.Build.0 = Release|Any CPU
		{8FC17D70-9B31-474B-8273-E9C8ECFC23C9}.Debug|Any CPU.ActiveCfg = Debug|Any CPU
		{8FC17D70-9B31-474B-8273-E9C8ECFC23C9}.Debug|Any CPU.Build.0 = Debug|Any CPU
		{8FC17D70-9B31-474B-8273-E9C8ECFC23C9}.Release|Any CPU.ActiveCfg = Release|Any CPU
		{8FC17D70-9B31-474B-8273-E9C8ECFC23C9}.Release|Any CPU.Build.0 = Release|Any CPU
		{4EC13574-98D7-4027-A5DF-0CBC2DA04EC6}.Debug|Any CPU.ActiveCfg = Debug|Any CPU
		{4EC13574-98D7-4027-A5DF-0CBC2DA04EC6}.Debug|Any CPU.Build.0 = Debug|Any CPU
		{4EC13574-98D7-4027-A5DF-0CBC2DA04EC6}.Release|Any CPU.ActiveCfg = Release|Any CPU
		{4EC13574-98D7-4027-A5DF-0CBC2DA04EC6}.Release|Any CPU.Build.0 = Release|Any CPU
		{42125CBF-F055-49B6-A407-AD7A859AFE65}.Debug|Any CPU.ActiveCfg = Debug|Any CPU
		{42125CBF-F055-49B6-A407-AD7A859AFE65}.Debug|Any CPU.Build.0 = Debug|Any CPU
		{42125CBF-F055-49B6-A407-AD7A859AFE65}.Release|Any CPU.ActiveCfg = Release|Any CPU
		{42125CBF-F055-49B6-A407-AD7A859AFE65}.Release|Any CPU.Build.0 = Release|Any CPU
		{0A653A6F-6D5A-4E21-822D-83C9A802ACFF}.Debug|Any CPU.ActiveCfg = Debug|Any CPU
		{0A653A6F-6D5A-4E21-822D-83C9A802ACFF}.Debug|Any CPU.Build.0 = Debug|Any CPU
		{0A653A6F-6D5A-4E21-822D-83C9A802ACFF}.Release|Any CPU.ActiveCfg = Release|Any CPU
		{0A653A6F-6D5A-4E21-822D-83C9A802ACFF}.Release|Any CPU.Build.0 = Release|Any CPU
	EndGlobalSection
	GlobalSection(SolutionProperties) = preSolution
		HideSolutionNode = FALSE
	EndGlobalSection
	GlobalSection(NestedProjects) = preSolution
		{9532813E-86F3-43BA-8CBD-87CFDBE1201B} = {D01FE20A-372D-459A-BA70-A700BEE22568}
		{F80CE931-B528-46A7-8B50-096426DE0570} = {D01FE20A-372D-459A-BA70-A700BEE22568}
		{6D4739A4-6A5B-4B1F-B584-864CB6E57D08} = {D01FE20A-372D-459A-BA70-A700BEE22568}
		{0EAEE9FC-5213-44E0-8344-5D5B91750D88} = {D01FE20A-372D-459A-BA70-A700BEE22568}
		{F718002E-F4BF-4EBD-B3A5-DB00B46CD409} = {9532813E-86F3-43BA-8CBD-87CFDBE1201B}
		{D7E70FF7-6338-4CAB-83CA-06BDBF3D82DC} = {0E54465A-4B6B-4E1E-890F-AC2B02169826}
		{576452AB-4F81-4F09-AED0-B5586C3154D8} = {7C38FDE0-8177-4082-8065-EE79C5340689}
		{42425E68-ABAD-48B2-B018-724C3E09784B} = {7C38FDE0-8177-4082-8065-EE79C5340689}
		{EA964B95-B5DC-4ED9-BE37-B0A5E344496C} = {7C38FDE0-8177-4082-8065-EE79C5340689}
		{7525B550-8AB9-434C-95DA-C708AF03422A} = {7C38FDE0-8177-4082-8065-EE79C5340689}
		{8FC17D70-9B31-474B-8273-E9C8ECFC23C9} = {42425E68-ABAD-48B2-B018-724C3E09784B}
		{4EC13574-98D7-4027-A5DF-0CBC2DA04EC6} = {772D520B-C312-40A9-93CA-538F15B78DE8}
		{42125CBF-F055-49B6-A407-AD7A859AFE65} = {D01FE20A-372D-459A-BA70-A700BEE22568}
		{4F0D6C99-26AE-4A90-A896-96C3EDD4EC43} = {0E54465A-4B6B-4E1E-890F-AC2B02169826}
		{0A653A6F-6D5A-4E21-822D-83C9A802ACFF} = {4F0D6C99-26AE-4A90-A896-96C3EDD4EC43}
	EndGlobalSection
	GlobalSection(ExtensibilityGlobals) = postSolution
		SolutionGuid = {DB80771E-8DBC-477D-AC9D-52AE5FFFC6FB}
	EndGlobalSection
EndGlobal
